
Microsoft Visual Studio Solution File, Format Version 12.00
# Visual Studio Version 17
VisualStudioVersion = 17.5.33424.131
MinimumVisualStudioVersion = 10.0.40219.1
Project("{2150E333-8FDC-42A3-9474-1A3956D46DE8}") = "FrontEnd", "FrontEnd", "{B3A4CFB7-39DC-4563-A291-ACCC97473EE7}"
EndProject
Project("{9A19103F-16F7-4668-BE54-9A1E7A4F7556}") = "Mango.Web", "Mango.Web\Mango.Web.csproj", "{496278FC-0C7A-44BF-B3F5-AB554EE79189}"
EndProject
Project("{2150E333-8FDC-42A3-9474-1A3956D46DE8}") = "Services", "Services", "{A1DF3EDA-4AD1-4CDB-BE95-58911585F86F}"
EndProject
Project("{9A19103F-16F7-4668-BE54-9A1E7A4F7556}") = "Mango.Services.ProductAPI", "Mango.Services.ProductAPI\Mango.Services.ProductAPI.csproj", "{9C84D026-9D5C-496E-992A-2EDC372DED44}"
EndProject
Project("{9A19103F-16F7-4668-BE54-9A1E7A4F7556}") = "Mango.Services.Identity", "Mango.Services.Identity\Mango.Services.Identity.csproj", "{09F7F2FB-794A-49AA-BEB1-E0A95B442AC8}"
EndProject
Project("{9A19103F-16F7-4668-BE54-9A1E7A4F7556}") = "Mango.Services.ShoppingCartAPI", "Mango.Services.ShoppingCartAPI\Mango.Services.ShoppingCartAPI.csproj", "{82B32238-0650-4C73-BB06-A63B10E97A40}"
EndProject
Project("{9A19103F-16F7-4668-BE54-9A1E7A4F7556}") = "Mango.Services.CouponAPI", "Mango.Services.CouponAPI\Mango.Services.CouponAPI.csproj", "{1A9E7FFD-56BD-473F-BA50-64F1EEE46832}"
EndProject
Project("{2150E333-8FDC-42A3-9474-1A3956D46DE8}") = "Integration", "Integration", "{B09036B9-3B15-483E-B777-625C9B6B73D0}"
EndProject
Project("{9A19103F-16F7-4668-BE54-9A1E7A4F7556}") = "Mango.MessageBus", "Mango.MessageBus\Mango.MessageBus.csproj", "{F78A295D-10E4-4B4F-92B2-11694E1687B4}"
EndProject
Project("{9A19103F-16F7-4668-BE54-9A1E7A4F7556}") = "Mango.Services.OrderAPI", "Mango.Services.OrderAPI\Mango.Services.OrderAPI.csproj", "{28844E38-7ACD-468B-AF11-5481D4B29137}"
EndProject
Project("{2150E333-8FDC-42A3-9474-1A3956D46DE8}") = "Gateway", "Gateway", "{2E6D4D71-BC94-4556-8D62-153492F4113E}"
EndProject
Project("{FAE04EC0-301F-11D3-BF4B-00C04F79EFBC}") = "Mango.GatewaySolution", "Mango.GatewaySolution\Mango.GatewaySolution.csproj", "{E2B7BE62-DC3E-4420-B88C-496508113DB1}"
EndProject
Global
	GlobalSection(SolutionConfigurationPlatforms) = preSolution
		Debug|Any CPU = Debug|Any CPU
		Release|Any CPU = Release|Any CPU
	EndGlobalSection
	GlobalSection(ProjectConfigurationPlatforms) = postSolution
		{496278FC-0C7A-44BF-B3F5-AB554EE79189}.Debug|Any CPU.ActiveCfg = Debug|Any CPU
		{496278FC-0C7A-44BF-B3F5-AB554EE79189}.Debug|Any CPU.Build.0 = Debug|Any CPU
		{496278FC-0C7A-44BF-B3F5-AB554EE79189}.Release|Any CPU.ActiveCfg = Release|Any CPU
		{496278FC-0C7A-44BF-B3F5-AB554EE79189}.Release|Any CPU.Build.0 = Release|Any CPU
		{9C84D026-9D5C-496E-992A-2EDC372DED44}.Debug|Any CPU.ActiveCfg = Debug|Any CPU
		{9C84D026-9D5C-496E-992A-2EDC372DED44}.Debug|Any CPU.Build.0 = Debug|Any CPU
		{9C84D026-9D5C-496E-992A-2EDC372DED44}.Release|Any CPU.ActiveCfg = Release|Any CPU
		{9C84D026-9D5C-496E-992A-2EDC372DED44}.Release|Any CPU.Build.0 = Release|Any CPU
		{09F7F2FB-794A-49AA-BEB1-E0A95B442AC8}.Debug|Any CPU.ActiveCfg = Debug|Any CPU
		{09F7F2FB-794A-49AA-BEB1-E0A95B442AC8}.Debug|Any CPU.Build.0 = Debug|Any CPU
		{09F7F2FB-794A-49AA-BEB1-E0A95B442AC8}.Release|Any CPU.ActiveCfg = Release|Any CPU
		{09F7F2FB-794A-49AA-BEB1-E0A95B442AC8}.Release|Any CPU.Build.0 = Release|Any CPU
		{82B32238-0650-4C73-BB06-A63B10E97A40}.Debug|Any CPU.ActiveCfg = Debug|Any CPU
		{82B32238-0650-4C73-BB06-A63B10E97A40}.Debug|Any CPU.Build.0 = Debug|Any CPU
		{82B32238-0650-4C73-BB06-A63B10E97A40}.Release|Any CPU.ActiveCfg = Release|Any CPU
		{82B32238-0650-4C73-BB06-A63B10E97A40}.Release|Any CPU.Build.0 = Release|Any CPU
		{1A9E7FFD-56BD-473F-BA50-64F1EEE46832}.Debug|Any CPU.ActiveCfg = Debug|Any CPU
		{1A9E7FFD-56BD-473F-BA50-64F1EEE46832}.Debug|Any CPU.Build.0 = Debug|Any CPU
		{1A9E7FFD-56BD-473F-BA50-64F1EEE46832}.Release|Any CPU.ActiveCfg = Release|Any CPU
		{1A9E7FFD-56BD-473F-BA50-64F1EEE46832}.Release|Any CPU.Build.0 = Release|Any CPU
		{F78A295D-10E4-4B4F-92B2-11694E1687B4}.Debug|Any CPU.ActiveCfg = Debug|Any CPU
		{F78A295D-10E4-4B4F-92B2-11694E1687B4}.Debug|Any CPU.Build.0 = Debug|Any CPU
		{F78A295D-10E4-4B4F-92B2-11694E1687B4}.Release|Any CPU.ActiveCfg = Release|Any CPU
		{F78A295D-10E4-4B4F-92B2-11694E1687B4}.Release|Any CPU.Build.0 = Release|Any CPU
		{28844E38-7ACD-468B-AF11-5481D4B29137}.Debug|Any CPU.ActiveCfg = Debug|Any CPU
		{28844E38-7ACD-468B-AF11-5481D4B29137}.Debug|Any CPU.Build.0 = Debug|Any CPU
		{28844E38-7ACD-468B-AF11-5481D4B29137}.Release|Any CPU.ActiveCfg = Release|Any CPU
		{28844E38-7ACD-468B-AF11-5481D4B29137}.Release|Any CPU.Build.0 = Release|Any CPU
		{E2B7BE62-DC3E-4420-B88C-496508113DB1}.Debug|Any CPU.ActiveCfg = Debug|Any CPU
		{E2B7BE62-DC3E-4420-B88C-496508113DB1}.Debug|Any CPU.Build.0 = Debug|Any CPU
		{E2B7BE62-DC3E-4420-B88C-496508113DB1}.Release|Any CPU.ActiveCfg = Release|Any CPU
		{E2B7BE62-DC3E-4420-B88C-496508113DB1}.Release|Any CPU.Build.0 = Release|Any CPU
	EndGlobalSection
	GlobalSection(SolutionProperties) = preSolution
		HideSolutionNode = FALSE
	EndGlobalSection
	GlobalSection(NestedProjects) = preSolution
		{496278FC-0C7A-44BF-B3F5-AB554EE79189} = {B3A4CFB7-39DC-4563-A291-ACCC97473EE7}
		{9C84D026-9D5C-496E-992A-2EDC372DED44} = {A1DF3EDA-4AD1-4CDB-BE95-58911585F86F}
		{09F7F2FB-794A-49AA-BEB1-E0A95B442AC8} = {A1DF3EDA-4AD1-4CDB-BE95-58911585F86F}
		{82B32238-0650-4C73-BB06-A63B10E97A40} = {A1DF3EDA-4AD1-4CDB-BE95-58911585F86F}
		{1A9E7FFD-56BD-473F-BA50-64F1EEE46832} = {A1DF3EDA-4AD1-4CDB-BE95-58911585F86F}
		{F78A295D-10E4-4B4F-92B2-11694E1687B4} = {B09036B9-3B15-483E-B777-625C9B6B73D0}
		{28844E38-7ACD-468B-AF11-5481D4B29137} = {A1DF3EDA-4AD1-4CDB-BE95-58911585F86F}
		{E2B7BE62-DC3E-4420-B88C-496508113DB1} = {2E6D4D71-BC94-4556-8D62-153492F4113E}
	EndGlobalSection
	GlobalSection(ExtensibilityGlobals) = postSolution
		SolutionGuid = {E7B43F3E-F60B-40C9-BA38-D63BA5881BBD}
	EndGlobalSection
EndGlobal
